// !$*UTF8*$!
{
	archiveVersion = 1;
	classes = {
	};
	objectVersion = 56;
	objects = {

/* Begin PBXBuildFile section */
		04DE2C692CC51B6C0097205B /* ArticleAppApp.swift in Sources */ = {isa = PBXBuildFile; fileRef = 04DE2C682CC51B6C0097205B /* ArticleAppApp.swift */; };
		04DE2C6B2CC51B6C0097205B /* ContentView.swift in Sources */ = {isa = PBXBuildFile; fileRef = 04DE2C6A2CC51B6C0097205B /* ContentView.swift */; };
		04DE2C6D2CC51B6E0097205B /* Assets.xcassets in Resources */ = {isa = PBXBuildFile; fileRef = 04DE2C6C2CC51B6E0097205B /* Assets.xcassets */; };
		04DE2C712CC51B6E0097205B /* Preview Assets.xcassets in Resources */ = {isa = PBXBuildFile; fileRef = 04DE2C702CC51B6E0097205B /* Preview Assets.xcassets */; };
		04DE2C7B2CC51B6F0097205B /* ArticleAppTests.swift in Sources */ = {isa = PBXBuildFile; fileRef = 04DE2C7A2CC51B6F0097205B /* ArticleAppTests.swift */; };
		04DE2C852CC51B6F0097205B /* ArticleAppUITests.swift in Sources */ = {isa = PBXBuildFile; fileRef = 04DE2C842CC51B6F0097205B /* ArticleAppUITests.swift */; };
		04DE2C872CC51B6F0097205B /* ArticleAppUITestsLaunchTests.swift in Sources */ = {isa = PBXBuildFile; fileRef = 04DE2C862CC51B6F0097205B /* ArticleAppUITestsLaunchTests.swift */; };
		04DE2C952CC529400097205B /* InputFieldView.swift in Sources */ = {isa = PBXBuildFile; fileRef = 04DE2C942CC529400097205B /* InputFieldView.swift */; };
		04DE2C972CC5C0E20097205B /* RegisterPage.swift in Sources */ = {isa = PBXBuildFile; fileRef = 04DE2C962CC5C0E20097205B /* RegisterPage.swift */; };
		04DE2CA02CC649600097205B /* DashboardView.swift in Sources */ = {isa = PBXBuildFile; fileRef = 04DE2C9F2CC649600097205B /* DashboardView.swift */; };
		04DE2CA82CC654300097205B /* ArticleResponse.swift in Sources */ = {isa = PBXBuildFile; fileRef = 04DE2CA72CC654300097205B /* ArticleResponse.swift */; };
		04DE2CAA2CC654640097205B /* ArticlesViewModel.swift in Sources */ = {isa = PBXBuildFile; fileRef = 04DE2CA92CC654640097205B /* ArticlesViewModel.swift */; };
		04DE2CAC2CC6549C0097205B /* ArticlesView.swift in Sources */ = {isa = PBXBuildFile; fileRef = 04DE2CAB2CC6549C0097205B /* ArticlesView.swift */; };
		04DE2CAE2CC6553D0097205B /* BlogResponse.swift in Sources */ = {isa = PBXBuildFile; fileRef = 04DE2CAD2CC6553D0097205B /* BlogResponse.swift */; };
		04DE2CB02CC655640097205B /* BlogsViewModel.swift in Sources */ = {isa = PBXBuildFile; fileRef = 04DE2CAF2CC655640097205B /* BlogsViewModel.swift */; };
		04DE2CB22CC655A50097205B /* BlogsView.swift in Sources */ = {isa = PBXBuildFile; fileRef = 04DE2CB12CC655A50097205B /* BlogsView.swift */; };
		04DE2CB42CC659540097205B /* ReportResponse.swift in Sources */ = {isa = PBXBuildFile; fileRef = 04DE2CB32CC659540097205B /* ReportResponse.swift */; };
		04DE2CB62CC6597A0097205B /* ReportsViewModel.swift in Sources */ = {isa = PBXBuildFile; fileRef = 04DE2CB52CC6597A0097205B /* ReportsViewModel.swift */; };
		04DE2CB82CC6599F0097205B /* ReportsView.swift in Sources */ = {isa = PBXBuildFile; fileRef = 04DE2CB72CC6599F0097205B /* ReportsView.swift */; };
		04DE2CBA2CC65CB30097205B /* SubsDashboardView.swift in Sources */ = {isa = PBXBuildFile; fileRef = 04DE2CB92CC65CB30097205B /* SubsDashboardView.swift */; };
/* End PBXBuildFile section */

/* Begin PBXContainerItemProxy section */
		04DE2C772CC51B6F0097205B /* PBXContainerItemProxy */ = {
			isa = PBXContainerItemProxy;
			containerPortal = 04DE2C5D2CC51B6C0097205B /* Project object */;
			proxyType = 1;
			remoteGlobalIDString = 04DE2C642CC51B6C0097205B;
			remoteInfo = ArticleApp;
		};
		04DE2C812CC51B6F0097205B /* PBXContainerItemProxy */ = {
			isa = PBXContainerItemProxy;
			containerPortal = 04DE2C5D2CC51B6C0097205B /* Project object */;
			proxyType = 1;
			remoteGlobalIDString = 04DE2C642CC51B6C0097205B;
			remoteInfo = ArticleApp;
		};
/* End PBXContainerItemProxy section */

/* Begin PBXFileReference section */
		04DE2C652CC51B6C0097205B /* ArticleApp.app */ = {isa = PBXFileReference; explicitFileType = wrapper.application; includeInIndex = 0; path = ArticleApp.app; sourceTree = BUILT_PRODUCTS_DIR; };
		04DE2C682CC51B6C0097205B /* ArticleAppApp.swift */ = {isa = PBXFileReference; lastKnownFileType = sourcecode.swift; path = ArticleAppApp.swift; sourceTree = "<group>"; };
		04DE2C6A2CC51B6C0097205B /* ContentView.swift */ = {isa = PBXFileReference; lastKnownFileType = sourcecode.swift; path = ContentView.swift; sourceTree = "<group>"; };
		04DE2C6C2CC51B6E0097205B /* Assets.xcassets */ = {isa = PBXFileReference; lastKnownFileType = folder.assetcatalog; path = Assets.xcassets; sourceTree = "<group>"; };
		04DE2C6E2CC51B6E0097205B /* ArticleApp.entitlements */ = {isa = PBXFileReference; lastKnownFileType = text.plist.entitlements; path = ArticleApp.entitlements; sourceTree = "<group>"; };
		04DE2C702CC51B6E0097205B /* Preview Assets.xcassets */ = {isa = PBXFileReference; lastKnownFileType = folder.assetcatalog; path = "Preview Assets.xcassets"; sourceTree = "<group>"; };
		04DE2C762CC51B6F0097205B /* ArticleAppTests.xctest */ = {isa = PBXFileReference; explicitFileType = wrapper.cfbundle; includeInIndex = 0; path = ArticleAppTests.xctest; sourceTree = BUILT_PRODUCTS_DIR; };
		04DE2C7A2CC51B6F0097205B /* ArticleAppTests.swift */ = {isa = PBXFileReference; lastKnownFileType = sourcecode.swift; path = ArticleAppTests.swift; sourceTree = "<group>"; };
		04DE2C802CC51B6F0097205B /* ArticleAppUITests.xctest */ = {isa = PBXFileReference; explicitFileType = wrapper.cfbundle; includeInIndex = 0; path = ArticleAppUITests.xctest; sourceTree = BUILT_PRODUCTS_DIR; };
		04DE2C842CC51B6F0097205B /* ArticleAppUITests.swift */ = {isa = PBXFileReference; lastKnownFileType = sourcecode.swift; path = ArticleAppUITests.swift; sourceTree = "<group>"; };
		04DE2C862CC51B6F0097205B /* ArticleAppUITestsLaunchTests.swift */ = {isa = PBXFileReference; lastKnownFileType = sourcecode.swift; path = ArticleAppUITestsLaunchTests.swift; sourceTree = "<group>"; };
		04DE2C942CC529400097205B /* InputFieldView.swift */ = {isa = PBXFileReference; lastKnownFileType = sourcecode.swift; path = InputFieldView.swift; sourceTree = "<group>"; };
		04DE2C962CC5C0E20097205B /* RegisterPage.swift */ = {isa = PBXFileReference; lastKnownFileType = sourcecode.swift; path = RegisterPage.swift; sourceTree = "<group>"; };
		04DE2C9F2CC649600097205B /* DashboardView.swift */ = {isa = PBXFileReference; lastKnownFileType = sourcecode.swift; path = DashboardView.swift; sourceTree = "<group>"; };
		04DE2CA72CC654300097205B /* ArticleResponse.swift */ = {isa = PBXFileReference; lastKnownFileType = sourcecode.swift; path = ArticleResponse.swift; sourceTree = "<group>"; };
		04DE2CA92CC654640097205B /* ArticlesViewModel.swift */ = {isa = PBXFileReference; lastKnownFileType = sourcecode.swift; path = ArticlesViewModel.swift; sourceTree = "<group>"; };
		04DE2CAB2CC6549C0097205B /* ArticlesView.swift */ = {isa = PBXFileReference; lastKnownFileType = sourcecode.swift; path = ArticlesView.swift; sourceTree = "<group>"; };
		04DE2CAD2CC6553D0097205B /* BlogResponse.swift */ = {isa = PBXFileReference; lastKnownFileType = sourcecode.swift; path = BlogResponse.swift; sourceTree = "<group>"; };
		04DE2CAF2CC655640097205B /* BlogsViewModel.swift */ = {isa = PBXFileReference; lastKnownFileType = sourcecode.swift; path = BlogsViewModel.swift; sourceTree = "<group>"; };
		04DE2CB12CC655A50097205B /* BlogsView.swift */ = {isa = PBXFileReference; lastKnownFileType = sourcecode.swift; path = BlogsView.swift; sourceTree = "<group>"; };
		04DE2CB32CC659540097205B /* ReportResponse.swift */ = {isa = PBXFileReference; lastKnownFileType = sourcecode.swift; path = ReportResponse.swift; sourceTree = "<group>"; };
		04DE2CB52CC6597A0097205B /* ReportsViewModel.swift */ = {isa = PBXFileReference; lastKnownFileType = sourcecode.swift; path = ReportsViewModel.swift; sourceTree = "<group>"; };
		04DE2CB72CC6599F0097205B /* ReportsView.swift */ = {isa = PBXFileReference; lastKnownFileType = sourcecode.swift; path = ReportsView.swift; sourceTree = "<group>"; };
		04DE2CB92CC65CB30097205B /* SubsDashboardView.swift */ = {isa = PBXFileReference; lastKnownFileType = sourcecode.swift; path = SubsDashboardView.swift; sourceTree = "<group>"; };
/* End PBXFileReference section */

/* Begin PBXFrameworksBuildPhase section */
		04DE2C622CC51B6C0097205B /* Frameworks */ = {
			isa = PBXFrameworksBuildPhase;
			buildActionMask = 2147483647;
			files = (
			);
			runOnlyForDeploymentPostprocessing = 0;
		};
		04DE2C732CC51B6F0097205B /* Frameworks */ = {
			isa = PBXFrameworksBuildPhase;
			buildActionMask = 2147483647;
			files = (
			);
			runOnlyForDeploymentPostprocessing = 0;
		};
		04DE2C7D2CC51B6F0097205B /* Frameworks */ = {
			isa = PBXFrameworksBuildPhase;
			buildActionMask = 2147483647;
			files = (
			);
			runOnlyForDeploymentPostprocessing = 0;
		};
/* End PBXFrameworksBuildPhase section */

/* Begin PBXGroup section */
		04DE2C5C2CC51B6C0097205B = {
			isa = PBXGroup;
			children = (
				04DE2C672CC51B6C0097205B /* ArticleApp */,
				04DE2C792CC51B6F0097205B /* ArticleAppTests */,
				04DE2C832CC51B6F0097205B /* ArticleAppUITests */,
				04DE2C662CC51B6C0097205B /* Products */,
			);
			sourceTree = "<group>";
		};
		04DE2C662CC51B6C0097205B /* Products */ = {
			isa = PBXGroup;
			children = (
				04DE2C652CC51B6C0097205B /* ArticleApp.app */,
				04DE2C762CC51B6F0097205B /* ArticleAppTests.xctest */,
				04DE2C802CC51B6F0097205B /* ArticleAppUITests.xctest */,
			);
			name = Products;
			sourceTree = "<group>";
		};
		04DE2C672CC51B6C0097205B /* ArticleApp */ = {
			isa = PBXGroup;
			children = (
				04DE2C9E2CC649420097205B /* Views */,
				04DE2C9B2CC637710097205B /* ViewModels */,
				04DE2C982CC634520097205B /* models */,
				04DE2C932CC529110097205B /* Component */,
				04DE2C682CC51B6C0097205B /* ArticleAppApp.swift */,
				04DE2C6A2CC51B6C0097205B /* ContentView.swift */,
				04DE2C6C2CC51B6E0097205B /* Assets.xcassets */,
				04DE2C6E2CC51B6E0097205B /* ArticleApp.entitlements */,
				04DE2C6F2CC51B6E0097205B /* Preview Content */,
				04DE2C962CC5C0E20097205B /* RegisterPage.swift */,
			);
			path = ArticleApp;
			sourceTree = "<group>";
		};
		04DE2C6F2CC51B6E0097205B /* Preview Content */ = {
			isa = PBXGroup;
			children = (
				04DE2C702CC51B6E0097205B /* Preview Assets.xcassets */,
			);
			path = "Preview Content";
			sourceTree = "<group>";
		};
		04DE2C792CC51B6F0097205B /* ArticleAppTests */ = {
			isa = PBXGroup;
			children = (
				04DE2C7A2CC51B6F0097205B /* ArticleAppTests.swift */,
			);
			path = ArticleAppTests;
			sourceTree = "<group>";
		};
		04DE2C832CC51B6F0097205B /* ArticleAppUITests */ = {
			isa = PBXGroup;
			children = (
				04DE2C842CC51B6F0097205B /* ArticleAppUITests.swift */,
				04DE2C862CC51B6F0097205B /* ArticleAppUITestsLaunchTests.swift */,
			);
			path = ArticleAppUITests;
			sourceTree = "<group>";
		};
		04DE2C932CC529110097205B /* Component */ = {
			isa = PBXGroup;
			children = (
				04DE2C942CC529400097205B /* InputFieldView.swift */,
			);
			path = Component;
			sourceTree = "<group>";
		};
		04DE2C982CC634520097205B /* models */ = {
			isa = PBXGroup;
			children = (
				04DE2CA72CC654300097205B /* ArticleResponse.swift */,
				04DE2CAD2CC6553D0097205B /* BlogResponse.swift */,
				04DE2CB32CC659540097205B /* ReportResponse.swift */,
			);
			path = models;
			sourceTree = "<group>";
		};
		04DE2C9B2CC637710097205B /* ViewModels */ = {
			isa = PBXGroup;
			children = (
				04DE2CA92CC654640097205B /* ArticlesViewModel.swift */,
				04DE2CAF2CC655640097205B /* BlogsViewModel.swift */,
				04DE2CB52CC6597A0097205B /* ReportsViewModel.swift */,
			);
			path = ViewModels;
			sourceTree = "<group>";
		};
		04DE2C9E2CC649420097205B /* Views */ = {
			isa = PBXGroup;
			children = (
				04DE2C9F2CC649600097205B /* DashboardView.swift */,
				04DE2CAB2CC6549C0097205B /* ArticlesView.swift */,
				04DE2CB12CC655A50097205B /* BlogsView.swift */,
				04DE2CB72CC6599F0097205B /* ReportsView.swift */,
				04DE2CB92CC65CB30097205B /* SubsDashboardView.swift */,
			);
			path = Views;
			sourceTree = "<group>";
		};
/* End PBXGroup section */

/* Begin PBXNativeTarget section */
		04DE2C642CC51B6C0097205B /* ArticleApp */ = {
			isa = PBXNativeTarget;
			buildConfigurationList = 04DE2C8A2CC51B6F0097205B /* Build configuration list for PBXNativeTarget "ArticleApp" */;
			buildPhases = (
				04DE2C612CC51B6C0097205B /* Sources */,
				04DE2C622CC51B6C0097205B /* Frameworks */,
				04DE2C632CC51B6C0097205B /* Resources */,
			);
			buildRules = (
			);
			dependencies = (
			);
			name = ArticleApp;
			productName = ArticleApp;
			productReference = 04DE2C652CC51B6C0097205B /* ArticleApp.app */;
			productType = "com.apple.product-type.application";
		};
		04DE2C752CC51B6F0097205B /* ArticleAppTests */ = {
			isa = PBXNativeTarget;
			buildConfigurationList = 04DE2C8D2CC51B6F0097205B /* Build configuration list for PBXNativeTarget "ArticleAppTests" */;
			buildPhases = (
				04DE2C722CC51B6F0097205B /* Sources */,
				04DE2C732CC51B6F0097205B /* Frameworks */,
				04DE2C742CC51B6F0097205B /* Resources */,
			);
			buildRules = (
			);
			dependencies = (
				04DE2C782CC51B6F0097205B /* PBXTargetDependency */,
			);
			name = ArticleAppTests;
			productName = ArticleAppTests;
			productReference = 04DE2C762CC51B6F0097205B /* ArticleAppTests.xctest */;
			productType = "com.apple.product-type.bundle.unit-test";
		};
		04DE2C7F2CC51B6F0097205B /* ArticleAppUITests */ = {
			isa = PBXNativeTarget;
			buildConfigurationList = 04DE2C902CC51B6F0097205B /* Build configuration list for PBXNativeTarget "ArticleAppUITests" */;
			buildPhases = (
				04DE2C7C2CC51B6F0097205B /* Sources */,
				04DE2C7D2CC51B6F0097205B /* Frameworks */,
				04DE2C7E2CC51B6F0097205B /* Resources */,
			);
			buildRules = (
			);
			dependencies = (
				04DE2C822CC51B6F0097205B /* PBXTargetDependency */,
			);
			name = ArticleAppUITests;
			productName = ArticleAppUITests;
			productReference = 04DE2C802CC51B6F0097205B /* ArticleAppUITests.xctest */;
			productType = "com.apple.product-type.bundle.ui-testing";
		};
/* End PBXNativeTarget section */

/* Begin PBXProject section */
		04DE2C5D2CC51B6C0097205B /* Project object */ = {
			isa = PBXProject;
			attributes = {
				BuildIndependentTargetsInParallel = 1;
				LastSwiftUpdateCheck = 1520;
				LastUpgradeCheck = 1520;
				TargetAttributes = {
					04DE2C642CC51B6C0097205B = {
						CreatedOnToolsVersion = 15.2;
					};
					04DE2C752CC51B6F0097205B = {
						CreatedOnToolsVersion = 15.2;
						TestTargetID = 04DE2C642CC51B6C0097205B;
					};
					04DE2C7F2CC51B6F0097205B = {
						CreatedOnToolsVersion = 15.2;
						TestTargetID = 04DE2C642CC51B6C0097205B;
					};
				};
			};
			buildConfigurationList = 04DE2C602CC51B6C0097205B /* Build configuration list for PBXProject "ArticleApp" */;
			compatibilityVersion = "Xcode 14.0";
			developmentRegion = en;
			hasScannedForEncodings = 0;
			knownRegions = (
				en,
				Base,
			);
			mainGroup = 04DE2C5C2CC51B6C0097205B;
			productRefGroup = 04DE2C662CC51B6C0097205B /* Products */;
			projectDirPath = "";
			projectRoot = "";
			targets = (
				04DE2C642CC51B6C0097205B /* ArticleApp */,
				04DE2C752CC51B6F0097205B /* ArticleAppTests */,
				04DE2C7F2CC51B6F0097205B /* ArticleAppUITests */,
			);
		};
/* End PBXProject section */

/* Begin PBXResourcesBuildPhase section */
		04DE2C632CC51B6C0097205B /* Resources */ = {
			isa = PBXResourcesBuildPhase;
			buildActionMask = 2147483647;
			files = (
				04DE2C712CC51B6E0097205B /* Preview Assets.xcassets in Resources */,
				04DE2C6D2CC51B6E0097205B /* Assets.xcassets in Resources */,
			);
			runOnlyForDeploymentPostprocessing = 0;
		};
		04DE2C742CC51B6F0097205B /* Resources */ = {
			isa = PBXResourcesBuildPhase;
			buildActionMask = 2147483647;
			files = (
			);
			runOnlyForDeploymentPostprocessing = 0;
		};
		04DE2C7E2CC51B6F0097205B /* Resources */ = {
			isa = PBXResourcesBuildPhase;
			buildActionMask = 2147483647;
			files = (
			);
			runOnlyForDeploymentPostprocessing = 0;
		};
/* End PBXResourcesBuildPhase section */

/* Begin PBXSourcesBuildPhase section */
		04DE2C612CC51B6C0097205B /* Sources */ = {
			isa = PBXSourcesBuildPhase;
			buildActionMask = 2147483647;
			files = (
				04DE2CB02CC655640097205B /* BlogsViewModel.swift in Sources */,
				04DE2C6B2CC51B6C0097205B /* ContentView.swift in Sources */,
				04DE2C692CC51B6C0097205B /* ArticleAppApp.swift in Sources */,
				04DE2CAE2CC6553D0097205B /* BlogResponse.swift in Sources */,
				04DE2CA82CC654300097205B /* ArticleResponse.swift in Sources */,
				04DE2CB22CC655A50097205B /* BlogsView.swift in Sources */,
				04DE2CB62CC6597A0097205B /* ReportsViewModel.swift in Sources */,
				04DE2CB42CC659540097205B /* ReportResponse.swift in Sources */,
				04DE2CA02CC649600097205B /* DashboardView.swift in Sources */,
				04DE2CBA2CC65CB30097205B /* SubsDashboardView.swift in Sources */,
				04DE2CAA2CC654640097205B /* ArticlesViewModel.swift in Sources */,
				04DE2CB82CC6599F0097205B /* ReportsView.swift in Sources */,
				04DE2C952CC529400097205B /* InputFieldView.swift in Sources */,
				04DE2C972CC5C0E20097205B /* RegisterPage.swift in Sources */,
				04DE2CAC2CC6549C0097205B /* ArticlesView.swift in Sources */,
			);
			runOnlyForDeploymentPostprocessing = 0;
		};
		04DE2C722CC51B6F0097205B /* Sources */ = {
			isa = PBXSourcesBuildPhase;
			buildActionMask = 2147483647;
			files = (
				04DE2C7B2CC51B6F0097205B /* ArticleAppTests.swift in Sources */,
			);
			runOnlyForDeploymentPostprocessing = 0;
		};
		04DE2C7C2CC51B6F0097205B /* Sources */ = {
			isa = PBXSourcesBuildPhase;
			buildActionMask = 2147483647;
			files = (
				04DE2C852CC51B6F0097205B /* ArticleAppUITests.swift in Sources */,
				04DE2C872CC51B6F0097205B /* ArticleAppUITestsLaunchTests.swift in Sources */,
			);
			runOnlyForDeploymentPostprocessing = 0;
		};
/* End PBXSourcesBuildPhase section */

/* Begin PBXTargetDependency section */
		04DE2C782CC51B6F0097205B /* PBXTargetDependency */ = {
			isa = PBXTargetDependency;
			target = 04DE2C642CC51B6C0097205B /* ArticleApp */;
			targetProxy = 04DE2C772CC51B6F0097205B /* PBXContainerItemProxy */;
		};
		04DE2C822CC51B6F0097205B /* PBXTargetDependency */ = {
			isa = PBXTargetDependency;
			target = 04DE2C642CC51B6C0097205B /* ArticleApp */;
			targetProxy = 04DE2C812CC51B6F0097205B /* PBXContainerItemProxy */;
		};
/* End PBXTargetDependency section */

/* Begin XCBuildConfiguration section */
		04DE2C882CC51B6F0097205B /* Debug */ = {
			isa = XCBuildConfiguration;
			buildSettings = {
				ALWAYS_SEARCH_USER_PATHS = NO;
				ASSETCATALOG_COMPILER_GENERATE_SWIFT_ASSET_SYMBOL_EXTENSIONS = YES;
				CLANG_ANALYZER_NONNULL = YES;
				CLANG_ANALYZER_NUMBER_OBJECT_CONVERSION = YES_AGGRESSIVE;
				CLANG_CXX_LANGUAGE_STANDARD = "gnu++20";
				CLANG_ENABLE_MODULES = YES;
				CLANG_ENABLE_OBJC_ARC = YES;
				CLANG_ENABLE_OBJC_WEAK = YES;
				CLANG_WARN_BLOCK_CAPTURE_AUTORELEASING = YES;
				CLANG_WARN_BOOL_CONVERSION = YES;
				CLANG_WARN_COMMA = YES;
				CLANG_WARN_CONSTANT_CONVERSION = YES;
				CLANG_WARN_DEPRECATED_OBJC_IMPLEMENTATIONS = YES;
				CLANG_WARN_DIRECT_OBJC_ISA_USAGE = YES_ERROR;
				CLANG_WARN_DOCUMENTATION_COMMENTS = YES;
				CLANG_WARN_EMPTY_BODY = YES;
				CLANG_WARN_ENUM_CONVERSION = YES;
				CLANG_WARN_INFINITE_RECURSION = YES;
				CLANG_WARN_INT_CONVERSION = YES;
				CLANG_WARN_NON_LITERAL_NULL_CONVERSION = YES;
				CLANG_WARN_OBJC_IMPLICIT_RETAIN_SELF = YES;
				CLANG_WARN_OBJC_LITERAL_CONVERSION = YES;
				CLANG_WARN_OBJC_ROOT_CLASS = YES_ERROR;
				CLANG_WARN_QUOTED_INCLUDE_IN_FRAMEWORK_HEADER = YES;
				CLANG_WARN_RANGE_LOOP_ANALYSIS = YES;
				CLANG_WARN_STRICT_PROTOTYPES = YES;
				CLANG_WARN_SUSPICIOUS_MOVE = YES;
				CLANG_WARN_UNGUARDED_AVAILABILITY = YES_AGGRESSIVE;
				CLANG_WARN_UNREACHABLE_CODE = YES;
				CLANG_WARN__DUPLICATE_METHOD_MATCH = YES;
				COPY_PHASE_STRIP = NO;
				DEBUG_INFORMATION_FORMAT = dwarf;
				ENABLE_STRICT_OBJC_MSGSEND = YES;
				ENABLE_TESTABILITY = YES;
				ENABLE_USER_SCRIPT_SANDBOXING = YES;
				GCC_C_LANGUAGE_STANDARD = gnu17;
				GCC_DYNAMIC_NO_PIC = NO;
				GCC_NO_COMMON_BLOCKS = YES;
				GCC_OPTIMIZATION_LEVEL = 0;
				GCC_PREPROCESSOR_DEFINITIONS = (
					"DEBUG=1",
					"$(inherited)",
				);
				GCC_WARN_64_TO_32_BIT_CONVERSION = YES;
				GCC_WARN_ABOUT_RETURN_TYPE = YES_ERROR;
				GCC_WARN_UNDECLARED_SELECTOR = YES;
				GCC_WARN_UNINITIALIZED_AUTOS = YES_AGGRESSIVE;
				GCC_WARN_UNUSED_FUNCTION = YES;
				GCC_WARN_UNUSED_VARIABLE = YES;
				LOCALIZATION_PREFERS_STRING_CATALOGS = YES;
				MTL_ENABLE_DEBUG_INFO = INCLUDE_SOURCE;
				MTL_FAST_MATH = YES;
				ONLY_ACTIVE_ARCH = YES;
				SWIFT_ACTIVE_COMPILATION_CONDITIONS = "DEBUG $(inherited)";
				SWIFT_OPTIMIZATION_LEVEL = "-Onone";
			};
			name = Debug;
		};
		04DE2C892CC51B6F0097205B /* Release */ = {
			isa = XCBuildConfiguration;
			buildSettings = {
				ALWAYS_SEARCH_USER_PATHS = NO;
				ASSETCATALOG_COMPILER_GENERATE_SWIFT_ASSET_SYMBOL_EXTENSIONS = YES;
				CLANG_ANALYZER_NONNULL = YES;
				CLANG_ANALYZER_NUMBER_OBJECT_CONVERSION = YES_AGGRESSIVE;
				CLANG_CXX_LANGUAGE_STANDARD = "gnu++20";
				CLANG_ENABLE_MODULES = YES;
				CLANG_ENABLE_OBJC_ARC = YES;
				CLANG_ENABLE_OBJC_WEAK = YES;
				CLANG_WARN_BLOCK_CAPTURE_AUTORELEASING = YES;
				CLANG_WARN_BOOL_CONVERSION = YES;
				CLANG_WARN_COMMA = YES;
				CLANG_WARN_CONSTANT_CONVERSION = YES;
				CLANG_WARN_DEPRECATED_OBJC_IMPLEMENTATIONS = YES;
				CLANG_WARN_DIRECT_OBJC_ISA_USAGE = YES_ERROR;
				CLANG_WARN_DOCUMENTATION_COMMENTS = YES;
				CLANG_WARN_EMPTY_BODY = YES;
				CLANG_WARN_ENUM_CONVERSION = YES;
				CLANG_WARN_INFINITE_RECURSION = YES;
				CLANG_WARN_INT_CONVERSION = YES;
				CLANG_WARN_NON_LITERAL_NULL_CONVERSION = YES;
				CLANG_WARN_OBJC_IMPLICIT_RETAIN_SELF = YES;
				CLANG_WARN_OBJC_LITERAL_CONVERSION = YES;
				CLANG_WARN_OBJC_ROOT_CLASS = YES_ERROR;
				CLANG_WARN_QUOTED_INCLUDE_IN_FRAMEWORK_HEADER = YES;
				CLANG_WARN_RANGE_LOOP_ANALYSIS = YES;
				CLANG_WARN_STRICT_PROTOTYPES = YES;
				CLANG_WARN_SUSPICIOUS_MOVE = YES;
				CLANG_WARN_UNGUARDED_AVAILABILITY = YES_AGGRESSIVE;
				CLANG_WARN_UNREACHABLE_CODE = YES;
				CLANG_WARN__DUPLICATE_METHOD_MATCH = YES;
				COPY_PHASE_STRIP = NO;
				DEBUG_INFORMATION_FORMAT = "dwarf-with-dsym";
				ENABLE_NS_ASSERTIONS = NO;
				ENABLE_STRICT_OBJC_MSGSEND = YES;
				ENABLE_USER_SCRIPT_SANDBOXING = YES;
				GCC_C_LANGUAGE_STANDARD = gnu17;
				GCC_NO_COMMON_BLOCKS = YES;
				GCC_WARN_64_TO_32_BIT_CONVERSION = YES;
				GCC_WARN_ABOUT_RETURN_TYPE = YES_ERROR;
				GCC_WARN_UNDECLARED_SELECTOR = YES;
				GCC_WARN_UNINITIALIZED_AUTOS = YES_AGGRESSIVE;
				GCC_WARN_UNUSED_FUNCTION = YES;
				GCC_WARN_UNUSED_VARIABLE = YES;
				LOCALIZATION_PREFERS_STRING_CATALOGS = YES;
				MTL_ENABLE_DEBUG_INFO = NO;
				MTL_FAST_MATH = YES;
				SWIFT_COMPILATION_MODE = wholemodule;
			};
			name = Release;
		};
		04DE2C8B2CC51B6F0097205B /* Debug */ = {
			isa = XCBuildConfiguration;
			buildSettings = {
				ASSETCATALOG_COMPILER_APPICON_NAME = AppIcon;
				ASSETCATALOG_COMPILER_GLOBAL_ACCENT_COLOR_NAME = AccentColor;
				CODE_SIGN_ENTITLEMENTS = ArticleApp/ArticleApp.entitlements;
				CODE_SIGN_STYLE = Automatic;
				CURRENT_PROJECT_VERSION = 1;
				DEVELOPMENT_ASSET_PATHS = "\"ArticleApp/Preview Content\"";
				DEVELOPMENT_TEAM = 5RF87B2326;
				ENABLE_HARDENED_RUNTIME = YES;
				ENABLE_PREVIEWS = YES;
				GENERATE_INFOPLIST_FILE = YES;
				"INFOPLIST_KEY_UIApplicationSceneManifest_Generation[sdk=iphoneos*]" = YES;
				"INFOPLIST_KEY_UIApplicationSceneManifest_Generation[sdk=iphonesimulator*]" = YES;
				"INFOPLIST_KEY_UIApplicationSupportsIndirectInputEvents[sdk=iphoneos*]" = YES;
				"INFOPLIST_KEY_UIApplicationSupportsIndirectInputEvents[sdk=iphonesimulator*]" = YES;
				"INFOPLIST_KEY_UILaunchScreen_Generation[sdk=iphoneos*]" = YES;
				"INFOPLIST_KEY_UILaunchScreen_Generation[sdk=iphonesimulator*]" = YES;
				"INFOPLIST_KEY_UIStatusBarStyle[sdk=iphoneos*]" = UIStatusBarStyleDefault;
				"INFOPLIST_KEY_UIStatusBarStyle[sdk=iphonesimulator*]" = UIStatusBarStyleDefault;
				INFOPLIST_KEY_UISupportedInterfaceOrientations_iPad = "UIInterfaceOrientationPortrait UIInterfaceOrientationPortraitUpsideDown UIInterfaceOrientationLandscapeLeft UIInterfaceOrientationLandscapeRight";
				INFOPLIST_KEY_UISupportedInterfaceOrientations_iPhone = "UIInterfaceOrientationPortrait UIInterfaceOrientationLandscapeLeft UIInterfaceOrientationLandscapeRight";
				IPHONEOS_DEPLOYMENT_TARGET = 17.2;
				LD_RUNPATH_SEARCH_PATHS = "@executable_path/Frameworks";
				"LD_RUNPATH_SEARCH_PATHS[sdk=macosx*]" = "@executable_path/../Frameworks";
				MACOSX_DEPLOYMENT_TARGET = 14.2;
				MARKETING_VERSION = 1.0;
				PRODUCT_BUNDLE_IDENTIFIER = SMKDEV.ArticleApp;
				PRODUCT_NAME = "$(TARGET_NAME)";
				SDKROOT = auto;
				SUPPORTED_PLATFORMS = "iphoneos iphonesimulator macosx";
				SWIFT_EMIT_LOC_STRINGS = YES;
				SWIFT_VERSION = 5.0;
				TARGETED_DEVICE_FAMILY = "1,2";
			};
			name = Debug;
		};
		04DE2C8C2CC51B6F0097205B /* Release */ = {
			isa = XCBuildConfiguration;
			buildSettings = {
				ASSETCATALOG_COMPILER_APPICON_NAME = AppIcon;
				ASSETCATALOG_COMPILER_GLOBAL_ACCENT_COLOR_NAME = AccentColor;
				CODE_SIGN_ENTITLEMENTS = ArticleApp/ArticleApp.entitlements;
				CODE_SIGN_STYLE = Automatic;
				CURRENT_PROJECT_VERSION = 1;
				DEVELOPMENT_ASSET_PATHS = "\"ArticleApp/Preview Content\"";
				DEVELOPMENT_TEAM = 5RF87B2326;
				ENABLE_HARDENED_RUNTIME = YES;
				ENABLE_PREVIEWS = YES;
				GENERATE_INFOPLIST_FILE = YES;
				"INFOPLIST_KEY_UIApplicationSceneManifest_Generation[sdk=iphoneos*]" = YES;
				"INFOPLIST_KEY_UIApplicationSceneManifest_Generation[sdk=iphonesimulator*]" = YES;
				"INFOPLIST_KEY_UIApplicationSupportsIndirectInputEvents[sdk=iphoneos*]" = YES;
				"INFOPLIST_KEY_UIApplicationSupportsIndirectInputEvents[sdk=iphonesimulator*]" = YES;
				"INFOPLIST_KEY_UILaunchScreen_Generation[sdk=iphoneos*]" = YES;
				"INFOPLIST_KEY_UILaunchScreen_Generation[sdk=iphonesimulator*]" = YES;
				"INFOPLIST_KEY_UIStatusBarStyle[sdk=iphoneos*]" = UIStatusBarStyleDefault;
				"INFOPLIST_KEY_UIStatusBarStyle[sdk=iphonesimulator*]" = UIStatusBarStyleDefault;
				INFOPLIST_KEY_UISupportedInterfaceOrientations_iPad = "UIInterfaceOrientationPortrait UIInterfaceOrientationPortraitUpsideDown UIInterfaceOrientationLandscapeLeft UIInterfaceOrientationLandscapeRight";
				INFOPLIST_KEY_UISupportedInterfaceOrientations_iPhone = "UIInterfaceOrientationPortrait UIInterfaceOrientationLandscapeLeft UIInterfaceOrientationLandscapeRight";
				IPHONEOS_DEPLOYMENT_TARGET = 17.2;
				LD_RUNPATH_SEARCH_PATHS = "@executable_path/Frameworks";
				"LD_RUNPATH_SEARCH_PATHS[sdk=macosx*]" = "@executable_path/../Frameworks";
				MACOSX_DEPLOYMENT_TARGET = 14.2;
				MARKETING_VERSION = 1.0;
				PRODUCT_BUNDLE_IDENTIFIER = SMKDEV.ArticleApp;
				PRODUCT_NAME = "$(TARGET_NAME)";
				SDKROOT = auto;
				SUPPORTED_PLATFORMS = "iphoneos iphonesimulator macosx";
				SWIFT_EMIT_LOC_STRINGS = YES;
				SWIFT_VERSION = 5.0;
				TARGETED_DEVICE_FAMILY = "1,2";
			};
			name = Release;
		};
		04DE2C8E2CC51B6F0097205B /* Debug */ = {
			isa = XCBuildConfiguration;
			buildSettings = {
				ALWAYS_EMBED_SWIFT_STANDARD_LIBRARIES = YES;
				BUNDLE_LOADER = "$(TEST_HOST)";
				CODE_SIGN_STYLE = Automatic;
				CURRENT_PROJECT_VERSION = 1;
				DEVELOPMENT_TEAM = 5RF87B2326;
				GENERATE_INFOPLIST_FILE = YES;
				IPHONEOS_DEPLOYMENT_TARGET = 17.2;
				MACOSX_DEPLOYMENT_TARGET = 14.2;
				MARKETING_VERSION = 1.0;
				PRODUCT_BUNDLE_IDENTIFIER = SMKDEV.ArticleAppTests;
				PRODUCT_NAME = "$(TARGET_NAME)";
				SDKROOT = auto;
				SUPPORTED_PLATFORMS = "iphoneos iphonesimulator macosx";
				SWIFT_EMIT_LOC_STRINGS = NO;
				SWIFT_VERSION = 5.0;
				TARGETED_DEVICE_FAMILY = "1,2";
				TEST_HOST = "$(BUILT_PRODUCTS_DIR)/ArticleApp.app/$(BUNDLE_EXECUTABLE_FOLDER_PATH)/ArticleApp";
			};
			name = Debug;
		};
		04DE2C8F2CC51B6F0097205B /* Release */ = {
			isa = XCBuildConfiguration;
			buildSettings = {
				ALWAYS_EMBED_SWIFT_STANDARD_LIBRARIES = YES;
				BUNDLE_LOADER = "$(TEST_HOST)";
				CODE_SIGN_STYLE = Automatic;
				CURRENT_PROJECT_VERSION = 1;
				DEVELOPMENT_TEAM = 5RF87B2326;
				GENERATE_INFOPLIST_FILE = YES;
				IPHONEOS_DEPLOYMENT_TARGET = 17.2;
				MACOSX_DEPLOYMENT_TARGET = 14.2;
				MARKETING_VERSION = 1.0;
				PRODUCT_BUNDLE_IDENTIFIER = SMKDEV.ArticleAppTests;
				PRODUCT_NAME = "$(TARGET_NAME)";
				SDKROOT = auto;
				SUPPORTED_PLATFORMS = "iphoneos iphonesimulator macosx";
				SWIFT_EMIT_LOC_STRINGS = NO;
				SWIFT_VERSION = 5.0;
				TARGETED_DEVICE_FAMILY = "1,2";
				TEST_HOST = "$(BUILT_PRODUCTS_DIR)/ArticleApp.app/$(BUNDLE_EXECUTABLE_FOLDER_PATH)/ArticleApp";
			};
			name = Release;
		};
		04DE2C912CC51B6F0097205B /* Debug */ = {
			isa = XCBuildConfiguration;
			buildSettings = {
				ALWAYS_EMBED_SWIFT_STANDARD_LIBRARIES = YES;
				CODE_SIGN_STYLE = Automatic;
				CURRENT_PROJECT_VERSION = 1;
				DEVELOPMENT_TEAM = 5RF87B2326;
				GENERATE_INFOPLIST_FILE = YES;
				IPHONEOS_DEPLOYMENT_TARGET = 17.2;
				MACOSX_DEPLOYMENT_TARGET = 14.2;
				MARKETING_VERSION = 1.0;
				PRODUCT_BUNDLE_IDENTIFIER = SMKDEV.ArticleAppUITests;
				PRODUCT_NAME = "$(TARGET_NAME)";
				SDKROOT = auto;
				SUPPORTED_PLATFORMS = "iphoneos iphonesimulator macosx";
				SWIFT_EMIT_LOC_STRINGS = NO;
				SWIFT_VERSION = 5.0;
				TARGETED_DEVICE_FAMILY = "1,2";
				TEST_TARGET_NAME = ArticleApp;
			};
			name = Debug;
		};
		04DE2C922CC51B6F0097205B /* Release */ = {
			isa = XCBuildConfiguration;
			buildSettings = {
				ALWAYS_EMBED_SWIFT_STANDARD_LIBRARIES = YES;
				CODE_SIGN_STYLE = Automatic;
				CURRENT_PROJECT_VERSION = 1;
				DEVELOPMENT_TEAM = 5RF87B2326;
				GENERATE_INFOPLIST_FILE = YES;
				IPHONEOS_DEPLOYMENT_TARGET = 17.2;
				MACOSX_DEPLOYMENT_TARGET = 14.2;
				MARKETING_VERSION = 1.0;
				PRODUCT_BUNDLE_IDENTIFIER = SMKDEV.ArticleAppUITests;
				PRODUCT_NAME = "$(TARGET_NAME)";
				SDKROOT = auto;
				SUPPORTED_PLATFORMS = "iphoneos iphonesimulator macosx";
				SWIFT_EMIT_LOC_STRINGS = NO;
				SWIFT_VERSION = 5.0;
				TARGETED_DEVICE_FAMILY = "1,2";
				TEST_TARGET_NAME = ArticleApp;
			};
			name = Release;
		};
/* End XCBuildConfiguration section */

/* Begin XCConfigurationList section */
		04DE2C602CC51B6C0097205B /* Build configuration list for PBXProject "ArticleApp" */ = {
			isa = XCConfigurationList;
			buildConfigurations = (
				04DE2C882CC51B6F0097205B /* Debug */,
				04DE2C892CC51B6F0097205B /* Release */,
			);
			defaultConfigurationIsVisible = 0;
			defaultConfigurationName = Release;
		};
		04DE2C8A2CC51B6F0097205B /* Build configuration list for PBXNativeTarget "ArticleApp" */ = {
			isa = XCConfigurationList;
			buildConfigurations = (
				04DE2C8B2CC51B6F0097205B /* Debug */,
				04DE2C8C2CC51B6F0097205B /* Release */,
			);
			defaultConfigurationIsVisible = 0;
			defaultConfigurationName = Release;
		};
		04DE2C8D2CC51B6F0097205B /* Build configuration list for PBXNativeTarget "ArticleAppTests" */ = {
			isa = XCConfigurationList;
			buildConfigurations = (
				04DE2C8E2CC51B6F0097205B /* Debug */,
				04DE2C8F2CC51B6F0097205B /* Release */,
			);
			defaultConfigurationIsVisible = 0;
			defaultConfigurationName = Release;
		};
		04DE2C902CC51B6F0097205B /* Build configuration list for PBXNativeTarget "ArticleAppUITests" */ = {
			isa = XCConfigurationList;
			buildConfigurations = (
				04DE2C912CC51B6F0097205B /* Debug */,
				04DE2C922CC51B6F0097205B /* Release */,
			);
			defaultConfigurationIsVisible = 0;
			defaultConfigurationName = Release;
		};
/* End XCConfigurationList section */
	};
	rootObject = 04DE2C5D2CC51B6C0097205B /* Project object */;
}
